// !$*UTF8*$!
{
	archiveVersion = 1;
	classes = {
	};
	objectVersion = 50;
	objects = {

/* Begin PBXBuildFile section */
		B30358262440E7AF008443AE /* AppDelegate.swift in Sources */ = {isa = PBXBuildFile; fileRef = B30358252440E7AF008443AE /* AppDelegate.swift */; };
		B30358282440E7AF008443AE /* SceneDelegate.swift in Sources */ = {isa = PBXBuildFile; fileRef = B30358272440E7AF008443AE /* SceneDelegate.swift */; };
		B303582A2440E7AF008443AE /* ViewController.swift in Sources */ = {isa = PBXBuildFile; fileRef = B30358292440E7AF008443AE /* ViewController.swift */; };
		B303582F2440E7B1008443AE /* Assets.xcassets in Resources */ = {isa = PBXBuildFile; fileRef = B303582E2440E7B1008443AE /* Assets.xcassets */; };
		B30358322440E7B1008443AE /* LaunchScreen.storyboard in Resources */ = {isa = PBXBuildFile; fileRef = B30358302440E7B1008443AE /* LaunchScreen.storyboard */; };
		B303583A2440ED67008443AE /* SongTableViewCell.swift in Sources */ = {isa = PBXBuildFile; fileRef = B30358392440ED67008443AE /* SongTableViewCell.swift */; };
		B303583C2440ED98008443AE /* Song.swift in Sources */ = {isa = PBXBuildFile; fileRef = B303583B2440ED98008443AE /* Song.swift */; };
		B303583E24412D04008443AE /* DetailVC.swift in Sources */ = {isa = PBXBuildFile; fileRef = B303583D24412D04008443AE /* DetailVC.swift */; };
/* End PBXBuildFile section */

/* Begin PBXFileReference section */
		B30358222440E7AF008443AE /* jeb476_p4.app */ = {isa = PBXFileReference; explicitFileType = wrapper.application; includeInIndex = 0; path = jeb476_p4.app; sourceTree = BUILT_PRODUCTS_DIR; };
		B30358252440E7AF008443AE /* AppDelegate.swift */ = {isa = PBXFileReference; lastKnownFileType = sourcecode.swift; path = AppDelegate.swift; sourceTree = "<group>"; };
		B30358272440E7AF008443AE /* SceneDelegate.swift */ = {isa = PBXFileReference; lastKnownFileType = sourcecode.swift; path = SceneDelegate.swift; sourceTree = "<group>"; };
		B30358292440E7AF008443AE /* ViewController.swift */ = {isa = PBXFileReference; lastKnownFileType = sourcecode.swift; path = ViewController.swift; sourceTree = "<group>"; };
		B303582E2440E7B1008443AE /* Assets.xcassets */ = {isa = PBXFileReference; lastKnownFileType = folder.assetcatalog; path = Assets.xcassets; sourceTree = "<group>"; };
		B30358312440E7B1008443AE /* Base */ = {isa = PBXFileReference; lastKnownFileType = file.storyboard; name = Base; path = Base.lproj/LaunchScreen.storyboard; sourceTree = "<group>"; };
		B30358332440E7B1008443AE /* Info.plist */ = {isa = PBXFileReference; lastKnownFileType = text.plist.xml; path = Info.plist; sourceTree = "<group>"; };
		B30358392440ED67008443AE /* SongTableViewCell.swift */ = {isa = PBXFileReference; lastKnownFileType = sourcecode.swift; path = SongTableViewCell.swift; sourceTree = "<group>"; };
		B303583B2440ED98008443AE /* Song.swift */ = {isa = PBXFileReference; lastKnownFileType = sourcecode.swift; path = Song.swift; sourceTree = "<group>"; };
		B303583D24412D04008443AE /* DetailVC.swift */ = {isa = PBXFileReference; lastKnownFileType = sourcecode.swift; path = DetailVC.swift; sourceTree = "<group>"; };
/* End PBXFileReference section */

/* Begin PBXFrameworksBuildPhase section */
		B303581F2440E7AF008443AE /* Frameworks */ = {
			isa = PBXFrameworksBuildPhase;
			buildActionMask = 2147483647;
			files = (
			);
			runOnlyForDeploymentPostprocessing = 0;
		};
/* End PBXFrameworksBuildPhase section */

/* Begin PBXGroup section */
		B30358192440E7AF008443AE = {
			isa = PBXGroup;
			children = (
				B30358242440E7AF008443AE /* jeb476_p4 */,
				B30358232440E7AF008443AE /* Products */,
			);
			sourceTree = "<group>";
		};
		B30358232440E7AF008443AE /* Products */ = {
			isa = PBXGroup;
			children = (
				B30358222440E7AF008443AE /* jeb476_p4.app */,
			);
			name = Products;
			sourceTree = "<group>";
		};
		B30358242440E7AF008443AE /* jeb476_p4 */ = {
			isa = PBXGroup;
			children = (
				B30358252440E7AF008443AE /* AppDelegate.swift */,
				B30358272440E7AF008443AE /* SceneDelegate.swift */,
				B30358292440E7AF008443AE /* ViewController.swift */,
				B30358392440ED67008443AE /* SongTableViewCell.swift */,
				B303583D24412D04008443AE /* DetailVC.swift */,
				B303583B2440ED98008443AE /* Song.swift */,
				B303582E2440E7B1008443AE /* Assets.xcassets */,
				B30358302440E7B1008443AE /* LaunchScreen.storyboard */,
				B30358332440E7B1008443AE /* Info.plist */,
			);
			path = jeb476_p4;
			sourceTree = "<group>";
		};
/* End PBXGroup section */

/* Begin PBXNativeTarget section */
		B30358212440E7AF008443AE /* jeb476_p4 */ = {
			isa = PBXNativeTarget;
			buildConfigurationList = B30358362440E7B2008443AE /* Build configuration list for PBXNativeTarget "jeb476_p4" */;
			buildPhases = (
				B303581E2440E7AF008443AE /* Sources */,
				B303581F2440E7AF008443AE /* Frameworks */,
				B30358202440E7AF008443AE /* Resources */,
			);
			buildRules = (
			);
			dependencies = (
			);
			name = jeb476_p4;
			productName = jeb476_p4;
			productReference = B30358222440E7AF008443AE /* jeb476_p4.app */;
			productType = "com.apple.product-type.application";
		};
/* End PBXNativeTarget section */

/* Begin PBXProject section */
		B303581A2440E7AF008443AE /* Project object */ = {
			isa = PBXProject;
			attributes = {
				LastSwiftUpdateCheck = 1130;
				LastUpgradeCheck = 1130;
				ORGANIZATIONNAME = "Julia Bernstein";
				TargetAttributes = {
					B30358212440E7AF008443AE = {
						CreatedOnToolsVersion = 11.3.1;
					};
				};
			};
			buildConfigurationList = B303581D2440E7AF008443AE /* Build configuration list for PBXProject "jeb476_p4" */;
			compatibilityVersion = "Xcode 9.3";
			developmentRegion = en;
			hasScannedForEncodings = 0;
			knownRegions = (
				en,
				Base,
			);
			mainGroup = B30358192440E7AF008443AE;
			productRefGroup = B30358232440E7AF008443AE /* Products */;
			projectDirPath = "";
			projectRoot = "";
			targets = (
				B30358212440E7AF008443AE /* jeb476_p4 */,
			);
		};
/* End PBXProject section */

/* Begin PBXResourcesBuildPhase section */
		B30358202440E7AF008443AE /* Resources */ = {
			isa = PBXResourcesBuildPhase;
			buildActionMask = 2147483647;
			files = (
				B30358322440E7B1008443AE /* LaunchScreen.storyboard in Resources */,
				B303582F2440E7B1008443AE /* Assets.xcassets in Resources */,
			);
			runOnlyForDeploymentPostprocessing = 0;
		};
/* End PBXResourcesBuildPhase section */

/* Begin PBXSourcesBuildPhase section */
		B303581E2440E7AF008443AE /* Sources */ = {
			isa = PBXSourcesBuildPhase;
			buildActionMask = 2147483647;
			files = (
				B303583A2440ED67008443AE /* SongTableViewCell.swift in Sources */,
				B303582A2440E7AF008443AE /* ViewController.swift in Sources */,
				B30358262440E7AF008443AE /* AppDelegate.swift in Sources */,
				B30358282440E7AF008443AE /* SceneDelegate.swift in Sources */,
				B303583C2440ED98008443AE /* Song.swift in Sources */,
				B303583E24412D04008443AE /* DetailVC.swift in Sources */,
			);
			runOnlyForDeploymentPostprocessing = 0;
		};
/* End PBXSourcesBuildPhase section */

/* Begin PBXVariantGroup section */
		B30358302440E7B1008443AE /* LaunchScreen.storyboard */ = {
			isa = PBXVariantGroup;
			children = (
				B30358312440E7B1008443AE /* Base */,
			);
			name = LaunchScreen.storyboard;
			sourceTree = "<group>";
		};
/* End PBXVariantGroup section */

/* Begin XCBuildConfiguration section */
		B30358342440E7B2008443AE /* Debug */ = {
			isa = XCBuildConfiguration;
			buildSettings = {
				ALWAYS_SEARCH_USER_PATHS = NO;
				CLANG_ANALYZER_NONNULL = YES;
				CLANG_ANALYZER_NUMBER_OBJECT_CONVERSION = YES_AGGRESSIVE;
				CLANG_CXX_LANGUAGE_STANDARD = "gnu++14";
				CLANG_CXX_LIBRARY = "libc++";
				CLANG_ENABLE_MODULES = YES;
				CLANG_ENABLE_OBJC_ARC = YES;
				CLANG_ENABLE_OBJC_WEAK = YES;
				CLANG_WARN_BLOCK_CAPTURE_AUTORELEASING = YES;
				CLANG_WARN_BOOL_CONVERSION = YES;
				CLANG_WARN_COMMA = YES;
				CLANG_WARN_CONSTANT_CONVERSION = YES;
				CLANG_WARN_DEPRECATED_OBJC_IMPLEMENTATIONS = YES;
				CLANG_WARN_DIRECT_OBJC_ISA_USAGE = YES_ERROR;
				CLANG_WARN_DOCUMENTATION_COMMENTS = YES;
				CLANG_WARN_EMPTY_BODY = YES;
				CLANG_WARN_ENUM_CONVERSION = YES;
				CLANG_WARN_INFINITE_RECURSION = YES;
				CLANG_WARN_INT_CONVERSION = YES;
				CLANG_WARN_NON_LITERAL_NULL_CONVERSION = YES;
				CLANG_WARN_OBJC_IMPLICIT_RETAIN_SELF = YES;
				CLANG_WARN_OBJC_LITERAL_CONVERSION = YES;
				CLANG_WARN_OBJC_ROOT_CLASS = YES_ERROR;
				CLANG_WARN_RANGE_LOOP_ANALYSIS = YES;
				CLANG_WARN_STRICT_PROTOTYPES = YES;
				CLANG_WARN_SUSPICIOUS_MOVE = YES;
				CLANG_WARN_UNGUARDED_AVAILABILITY = YES_AGGRESSIVE;
				CLANG_WARN_UNREACHABLE_CODE = YES;
				CLANG_WARN__DUPLICATE_METHOD_MATCH = YES;
				COPY_PHASE_STRIP = NO;
				DEBUG_INFORMATION_FORMAT = dwarf;
				ENABLE_STRICT_OBJC_MSGSEND = YES;
				ENABLE_TESTABILITY = YES;
				GCC_C_LANGUAGE_STANDARD = gnu11;
				GCC_DYNAMIC_NO_PIC = NO;
				GCC_NO_COMMON_BLOCKS = YES;
				GCC_OPTIMIZATION_LEVEL = 0;
				GCC_PREPROCESSOR_DEFINITIONS = (
					"DEBUG=1",
					"$(inherited)",
				);
				GCC_WARN_64_TO_32_BIT_CONVERSION = YES;
				GCC_WARN_ABOUT_RETURN_TYPE = YES_ERROR;
				GCC_WARN_UNDECLARED_SELECTOR = YES;
				GCC_WARN_UNINITIALIZED_AUTOS = YES_AGGRESSIVE;
				GCC_WARN_UNUSED_FUNCTION = YES;
				GCC_WARN_UNUSED_VARIABLE = YES;
				IPHONEOS_DEPLOYMENT_TARGET = 13.2;
				MTL_ENABLE_DEBUG_INFO = INCLUDE_SOURCE;
				MTL_FAST_MATH = YES;
				ONLY_ACTIVE_ARCH = YES;
				SDKROOT = iphoneos;
				SWIFT_ACTIVE_COMPILATION_CONDITIONS = DEBUG;
				SWIFT_OPTIMIZATION_LEVEL = "-Onone";
			};
			name = Debug;
		};
		B30358352440E7B2008443AE /* Release */ = {
			isa = XCBuildConfiguration;
			buildSettings = {
				ALWAYS_SEARCH_USER_PATHS = NO;
				CLANG_ANALYZER_NONNULL = YES;
				CLANG_ANALYZER_NUMBER_OBJECT_CONVERSION = YES_AGGRESSIVE;
				CLANG_CXX_LANGUAGE_STANDARD = "gnu++14";
				CLANG_CXX_LIBRARY = "libc++";
				CLANG_ENABLE_MODULES = YES;
				CLANG_ENABLE_OBJC_ARC = YES;
				CLANG_ENABLE_OBJC_WEAK = YES;
				CLANG_WARN_BLOCK_CAPTURE_AUTORELEASING = YES;
				CLANG_WARN_BOOL_CONVERSION = YES;
				CLANG_WARN_COMMA = YES;
				CLANG_WARN_CONSTANT_CONVERSION = YES;
				CLANG_WARN_DEPRECATED_OBJC_IMPLEMENTATIONS = YES;
				CLANG_WARN_DIRECT_OBJC_ISA_USAGE = YES_ERROR;
				CLANG_WARN_DOCUMENTATION_COMMENTS = YES;
				CLANG_WARN_EMPTY_BODY = YES;
				CLANG_WARN_ENUM_CONVERSION = YES;
				CLANG_WARN_INFINITE_RECURSION = YES;
				CLANG_WARN_INT_CONVERSION = YES;
				CLANG_WARN_NON_LITERAL_NULL_CONVERSION = YES;
				CLANG_WARN_OBJC_IMPLICIT_RETAIN_SELF = YES;
				CLANG_WARN_OBJC_LITERAL_CONVERSION = YES;
				CLANG_WARN_OBJC_ROOT_CLASS = YES_ERROR;
				CLANG_WARN_RANGE_LOOP_ANALYSIS = YES;
				CLANG_WARN_STRICT_PROTOTYPES = YES;
				CLANG_WARN_SUSPICIOUS_MOVE = YES;
				CLANG_WARN_UNGUARDED_AVAILABILITY = YES_AGGRESSIVE;
				CLANG_WARN_UNREACHABLE_CODE = YES;
				CLANG_WARN__DUPLICATE_METHOD_MATCH = YES;
				COPY_PHASE_STRIP = NO;
				DEBUG_INFORMATION_FORMAT = "dwarf-with-dsym";
				ENABLE_NS_ASSERTIONS = NO;
				ENABLE_STRICT_OBJC_MSGSEND = YES;
				GCC_C_LANGUAGE_STANDARD = gnu11;
				GCC_NO_COMMON_BLOCKS = YES;
				GCC_WARN_64_TO_32_BIT_CONVERSION = YES;
				GCC_WARN_ABOUT_RETURN_TYPE = YES_ERROR;
				GCC_WARN_UNDECLARED_SELECTOR = YES;
				GCC_WARN_UNINITIALIZED_AUTOS = YES_AGGRESSIVE;
				GCC_WARN_UNUSED_FUNCTION = YES;
				GCC_WARN_UNUSED_VARIABLE = YES;
				IPHONEOS_DEPLOYMENT_TARGET = 13.2;
				MTL_ENABLE_DEBUG_INFO = NO;
				MTL_FAST_MATH = YES;
				SDKROOT = iphoneos;
				SWIFT_COMPILATION_MODE = wholemodule;
				SWIFT_OPTIMIZATION_LEVEL = "-O";
				VALIDATE_PRODUCT = YES;
			};
			name = Release;
		};
		B30358372440E7B2008443AE /* Debug */ = {
			isa = XCBuildConfiguration;
			buildSettings = {
				ASSETCATALOG_COMPILER_APPICON_NAME = AppIcon;
				CODE_SIGN_STYLE = Automatic;
				INFOPLIST_FILE = jeb476_p4/Info.plist;
				LD_RUNPATH_SEARCH_PATHS = (
					"$(inherited)",
					"@executable_path/Frameworks",
				);
				PRODUCT_BUNDLE_IDENTIFIER = "com.julia.jeb476-p4";
				PRODUCT_NAME = "$(TARGET_NAME)";
				SWIFT_VERSION = 5.0;
				TARGETED_DEVICE_FAMILY = "1,2";
			};
			name = Debug;
		};
		B30358382440E7B2008443AE /* Release */ = {
			isa = XCBuildConfiguration;
			buildSettings = {
				ASSETCATALOG_COMPILER_APPICON_NAME = AppIcon;
				CODE_SIGN_STYLE = Automatic;
				INFOPLIST_FILE = jeb476_p4/Info.plist;
				LD_RUNPATH_SEARCH_PATHS = (
					"$(inherited)",
					"@executable_path/Frameworks",
				);
				PRODUCT_BUNDLE_IDENTIFIER = "com.julia.jeb476-p4";
				PRODUCT_NAME = "$(TARGET_NAME)";
				SWIFT_VERSION = 5.0;
				TARGETED_DEVICE_FAMILY = "1,2";
			};
			name = Release;
		};
/* End XCBuildConfiguration section */

/* Begin XCConfigurationList section */
		B303581D2440E7AF008443AE /* Build configuration list for PBXProject "jeb476_p4" */ = {
			isa = XCConfigurationList;
			buildConfigurations = (
				B30358342440E7B2008443AE /* Debug */,
				B30358352440E7B2008443AE /* Release */,
			);
			defaultConfigurationIsVisible = 0;
			defaultConfigurationName = Release;
		};
		B30358362440E7B2008443AE /* Build configuration list for PBXNativeTarget "jeb476_p4" */ = {
			isa = XCConfigurationList;
			buildConfigurations = (
				B30358372440E7B2008443AE /* Debug */,
				B30358382440E7B2008443AE /* Release */,
			);
			defaultConfigurationIsVisible = 0;
			defaultConfigurationName = Release;
		};
/* End XCConfigurationList section */
	};
	rootObject = B303581A2440E7AF008443AE /* Project object */;
}
